
Microsoft Visual Studio Solution File, Format Version 12.00
# Visual Studio 2013
VisualStudioVersion = 12.0.30723.0
MinimumVisualStudioVersion = 10.0.40219.1
Project("{FAE04EC0-301F-11D3-BF4B-00C04F79EFBC}") = "Cliquemix", "Cliquemix\Cliquemix.csproj", "{876C737C-1F3D-4395-8DF5-46B73B4FFE69}"
EndProject
Project("{FAE04EC0-301F-11D3-BF4B-00C04F79EFBC}") = "Cliquemix.Tests", "Cliquemix.Tests\Cliquemix.Tests.csproj", "{0FFFD312-0BDB-443A-B2EC-2F5FA45DA62F}"
EndProject
Global
	GlobalSection(SolutionConfigurationPlatforms) = preSolution
		Debug|Any CPU = Debug|Any CPU
		Release|Any CPU = Release|Any CPU
	EndGlobalSection
	GlobalSection(ProjectConfigurationPlatforms) = postSolution
		{876C737C-1F3D-4395-8DF5-46B73B4FFE69}.Debug|Any CPU.ActiveCfg = Debug|Any CPU
		{876C737C-1F3D-4395-8DF5-46B73B4FFE69}.Debug|Any CPU.Build.0 = Debug|Any CPU
		{876C737C-1F3D-4395-8DF5-46B73B4FFE69}.Release|Any CPU.ActiveCfg = Release|Any CPU
		{876C737C-1F3D-4395-8DF5-46B73B4FFE69}.Release|Any CPU.Build.0 = Release|Any CPU
		{0FFFD312-0BDB-443A-B2EC-2F5FA45DA62F}.Debug|Any CPU.ActiveCfg = Debug|Any CPU
		{0FFFD312-0BDB-443A-B2EC-2F5FA45DA62F}.Debug|Any CPU.Build.0 = Debug|Any CPU
		{0FFFD312-0BDB-443A-B2EC-2F5FA45DA62F}.Release|Any CPU.ActiveCfg = Release|Any CPU
		{0FFFD312-0BDB-443A-B2EC-2F5FA45DA62F}.Release|Any CPU.Build.0 = Release|Any CPU
	EndGlobalSection
	GlobalSection(SolutionProperties) = preSolution
		HideSolutionNode = FALSE
	EndGlobalSection
	GlobalSection(ExtensibilityGlobals) = postSolution
		EnterpriseLibraryConfigurationToolBinariesPath = packages\Unity.2.1.505.2\lib\NET35;packages\Unity.Interception.2.1.505.2\lib\NET35;packages\EnterpriseLibrary.Common.5.0.505.0\lib\NET35;packages\EnterpriseLibrary.Data.5.0.505.0\lib\NET35;packages\EntLibContrib.Data.MySql.5.0.505.0\lib\NET35
	EndGlobalSection
EndGlobal
